
Microsoft Visual Studio Solution File, Format Version 12.00
# Visual Studio Version 17
VisualStudioVersion = 17.4.33205.214
MinimumVisualStudioVersion = 10.0.40219.1
Project("{FAE04EC0-301F-11D3-BF4B-00C04F79EFBC}") = "148. DateTime", "148. DateTime.csproj", "{8D9C408B-A5B4-47BF-A6F9-AEA9CAA21C99}"
EndProject
Global
	GlobalSection(SolutionConfigurationPlatforms) = preSolution
		Debug|Any CPU = Debug|Any CPU
		Release|Any CPU = Release|Any CPU
	EndGlobalSection
	GlobalSection(ProjectConfigurationPlatforms) = postSolution
		{8D9C408B-A5B4-47BF-A6F9-AEA9CAA21C99}.Debug|Any CPU.ActiveCfg = Debug|Any CPU
		{8D9C408B-A5B4-47BF-A6F9-AEA9CAA21C99}.Debug|Any CPU.Build.0 = Debug|Any CPU
		{8D9C408B-A5B4-47BF-A6F9-AEA9CAA21C99}.Release|Any CPU.ActiveCfg = Release|Any CPU
		{8D9C408B-A5B4-47BF-A6F9-AEA9CAA21C99}.Release|Any CPU.Build.0 = Release|Any CPU
	EndGlobalSection
	GlobalSection(SolutionProperties) = preSolution
		HideSolutionNode = FALSE
	EndGlobalSection
	GlobalSection(ExtensibilityGlobals) = postSolution
		SolutionGuid = {08EC1857-4ABC-48FE-AB1C-BEA65D085C3F}
	EndGlobalSection
EndGlobal
