
Microsoft Visual Studio Solution File, Format Version 12.00
# Visual Studio Version 17
VisualStudioVersion = 17.1.32328.378
MinimumVisualStudioVersion = 10.0.40219.1
Project("{FAE04EC0-301F-11D3-BF4B-00C04F79EFBC}") = "57. Enhanced If Statements - Ternary Operator", "57. Enhanced If Statements - Ternary Operator.csproj", "{A69D9F8F-0BC6-4449-99C7-16A45B4558EF}"
EndProject
Global
	GlobalSection(SolutionConfigurationPlatforms) = preSolution
		Debug|Any CPU = Debug|Any CPU
		Release|Any CPU = Release|Any CPU
	EndGlobalSection
	GlobalSection(ProjectConfigurationPlatforms) = postSolution
		{A69D9F8F-0BC6-4449-99C7-16A45B4558EF}.Debug|Any CPU.ActiveCfg = Debug|Any CPU
		{A69D9F8F-0BC6-4449-99C7-16A45B4558EF}.Debug|Any CPU.Build.0 = Debug|Any CPU
		{A69D9F8F-0BC6-4449-99C7-16A45B4558EF}.Release|Any CPU.ActiveCfg = Release|Any CPU
		{A69D9F8F-0BC6-4449-99C7-16A45B4558EF}.Release|Any CPU.Build.0 = Release|Any CPU
	EndGlobalSection
	GlobalSection(SolutionProperties) = preSolution
		HideSolutionNode = FALSE
	EndGlobalSection
	GlobalSection(ExtensibilityGlobals) = postSolution
		SolutionGuid = {5D48E43C-7A75-41C1-BED8-2A93B0F13505}
	EndGlobalSection
EndGlobal
