
Microsoft Visual Studio Solution File, Format Version 12.00
# Visual Studio Version 17
VisualStudioVersion = 17.4.33205.214
MinimumVisualStudioVersion = 10.0.40219.1
Project("{FAE04EC0-301F-11D3-BF4B-00C04F79EFBC}") = "136. Read from a Textfile", "136. Read from a Textfile.csproj", "{1AD233B6-9D4A-4DA5-9661-A2665ED0ADA4}"
EndProject
Global
	GlobalSection(SolutionConfigurationPlatforms) = preSolution
		Debug|Any CPU = Debug|Any CPU
		Release|Any CPU = Release|Any CPU
	EndGlobalSection
	GlobalSection(ProjectConfigurationPlatforms) = postSolution
		{1AD233B6-9D4A-4DA5-9661-A2665ED0ADA4}.Debug|Any CPU.ActiveCfg = Debug|Any CPU
		{1AD233B6-9D4A-4DA5-9661-A2665ED0ADA4}.Debug|Any CPU.Build.0 = Debug|Any CPU
		{1AD233B6-9D4A-4DA5-9661-A2665ED0ADA4}.Release|Any CPU.ActiveCfg = Release|Any CPU
		{1AD233B6-9D4A-4DA5-9661-A2665ED0ADA4}.Release|Any CPU.Build.0 = Release|Any CPU
	EndGlobalSection
	GlobalSection(SolutionProperties) = preSolution
		HideSolutionNode = FALSE
	EndGlobalSection
	GlobalSection(ExtensibilityGlobals) = postSolution
		SolutionGuid = {AD8B7AC8-3CDA-48E4-BC97-46A5063BC638}
	EndGlobalSection
EndGlobal
