
Microsoft Visual Studio Solution File, Format Version 12.00
# Visual Studio Version 17
VisualStudioVersion = 17.4.33205.214
MinimumVisualStudioVersion = 10.0.40219.1
Project("{FAE04EC0-301F-11D3-BF4B-00C04F79EFBC}") = "158. Anonymous Methods", "158. Anonymous Methods.csproj", "{DA60DB9C-500F-4343-94AC-F07E5222F5EC}"
EndProject
Global
	GlobalSection(SolutionConfigurationPlatforms) = preSolution
		Debug|Any CPU = Debug|Any CPU
		Release|Any CPU = Release|Any CPU
	EndGlobalSection
	GlobalSection(ProjectConfigurationPlatforms) = postSolution
		{DA60DB9C-500F-4343-94AC-F07E5222F5EC}.Debug|Any CPU.ActiveCfg = Debug|Any CPU
		{DA60DB9C-500F-4343-94AC-F07E5222F5EC}.Debug|Any CPU.Build.0 = Debug|Any CPU
		{DA60DB9C-500F-4343-94AC-F07E5222F5EC}.Release|Any CPU.ActiveCfg = Release|Any CPU
		{DA60DB9C-500F-4343-94AC-F07E5222F5EC}.Release|Any CPU.Build.0 = Release|Any CPU
	EndGlobalSection
	GlobalSection(SolutionProperties) = preSolution
		HideSolutionNode = FALSE
	EndGlobalSection
	GlobalSection(ExtensibilityGlobals) = postSolution
		SolutionGuid = {3BB686F8-8EDB-483C-8FFA-37C40BF7BD14}
	EndGlobalSection
EndGlobal
