
Microsoft Visual Studio Solution File, Format Version 12.00
# Visual Studio Version 17
VisualStudioVersion = 17.1.32328.378
MinimumVisualStudioVersion = 10.0.40219.1
Project("{FAE04EC0-301F-11D3-BF4B-00C04F79EFBC}") = "Challenge - Datatypes And Variables", "Challenge - Datatypes And Variables.csproj", "{F766E89D-21D7-4C99-AED9-A203009AD393}"
EndProject
Global
	GlobalSection(SolutionConfigurationPlatforms) = preSolution
		Debug|Any CPU = Debug|Any CPU
		Release|Any CPU = Release|Any CPU
	EndGlobalSection
	GlobalSection(ProjectConfigurationPlatforms) = postSolution
		{F766E89D-21D7-4C99-AED9-A203009AD393}.Debug|Any CPU.ActiveCfg = Debug|Any CPU
		{F766E89D-21D7-4C99-AED9-A203009AD393}.Debug|Any CPU.Build.0 = Debug|Any CPU
		{F766E89D-21D7-4C99-AED9-A203009AD393}.Release|Any CPU.ActiveCfg = Release|Any CPU
		{F766E89D-21D7-4C99-AED9-A203009AD393}.Release|Any CPU.Build.0 = Release|Any CPU
	EndGlobalSection
	GlobalSection(SolutionProperties) = preSolution
		HideSolutionNode = FALSE
	EndGlobalSection
	GlobalSection(ExtensibilityGlobals) = postSolution
		SolutionGuid = {F0DDCA4B-BB8E-4A5F-936D-ACC2D830A3EC}
	EndGlobalSection
EndGlobal
