
Microsoft Visual Studio Solution File, Format Version 12.00
# Visual Studio Version 17
VisualStudioVersion = 17.1.32328.378
MinimumVisualStudioVersion = 10.0.40219.1
Project("{FAE04EC0-301F-11D3-BF4B-00C04F79EFBC}") = "nnnnnn", "nnnnnn.csproj", "{087CCE5B-3D7E-4003-ABCC-4CD06BC7CDFC}"
EndProject
Global
	GlobalSection(SolutionConfigurationPlatforms) = preSolution
		Debug|Any CPU = Debug|Any CPU
		Release|Any CPU = Release|Any CPU
	EndGlobalSection
	GlobalSection(ProjectConfigurationPlatforms) = postSolution
		{087CCE5B-3D7E-4003-ABCC-4CD06BC7CDFC}.Debug|Any CPU.ActiveCfg = Debug|Any CPU
		{087CCE5B-3D7E-4003-ABCC-4CD06BC7CDFC}.Debug|Any CPU.Build.0 = Debug|Any CPU
		{087CCE5B-3D7E-4003-ABCC-4CD06BC7CDFC}.Release|Any CPU.ActiveCfg = Release|Any CPU
		{087CCE5B-3D7E-4003-ABCC-4CD06BC7CDFC}.Release|Any CPU.Build.0 = Release|Any CPU
	EndGlobalSection
	GlobalSection(SolutionProperties) = preSolution
		HideSolutionNode = FALSE
	EndGlobalSection
	GlobalSection(ExtensibilityGlobals) = postSolution
		SolutionGuid = {2378B35B-A177-4A6C-AB7C-EB4A08E8E5D4}
	EndGlobalSection
EndGlobal
