
Microsoft Visual Studio Solution File, Format Version 12.00
# Visual Studio Version 17
VisualStudioVersion = 17.1.32328.378
MinimumVisualStudioVersion = 10.0.40219.1
Project("{FAE04EC0-301F-11D3-BF4B-00C04F79EFBC}") = "Coding Exercise 4  Loops", "Coding Exercise 4  Loops.csproj", "{3E546FE6-F921-44F9-8CC0-27D9A7AE8CBD}"
EndProject
Global
	GlobalSection(SolutionConfigurationPlatforms) = preSolution
		Debug|Any CPU = Debug|Any CPU
		Release|Any CPU = Release|Any CPU
	EndGlobalSection
	GlobalSection(ProjectConfigurationPlatforms) = postSolution
		{3E546FE6-F921-44F9-8CC0-27D9A7AE8CBD}.Debug|Any CPU.ActiveCfg = Debug|Any CPU
		{3E546FE6-F921-44F9-8CC0-27D9A7AE8CBD}.Debug|Any CPU.Build.0 = Debug|Any CPU
		{3E546FE6-F921-44F9-8CC0-27D9A7AE8CBD}.Release|Any CPU.ActiveCfg = Release|Any CPU
		{3E546FE6-F921-44F9-8CC0-27D9A7AE8CBD}.Release|Any CPU.Build.0 = Release|Any CPU
	EndGlobalSection
	GlobalSection(SolutionProperties) = preSolution
		HideSolutionNode = FALSE
	EndGlobalSection
	GlobalSection(ExtensibilityGlobals) = postSolution
		SolutionGuid = {324E49BA-0FD3-4BC6-ADB0-DF1C2A4B3947}
	EndGlobalSection
EndGlobal
