
Microsoft Visual Studio Solution File, Format Version 12.00
# Visual Studio Version 17
VisualStudioVersion = 17.1.32328.378
MinimumVisualStudioVersion = 10.0.40219.1
Project("{FAE04EC0-301F-11D3-BF4B-00C04F79EFBC}") = "Coding Exercise 7 Arrays for and foreach loops", "Coding Exercise 7 Arrays for and foreach loops.csproj", "{B17E115B-1128-4045-A69E-3253209D7D31}"
EndProject
Global
	GlobalSection(SolutionConfigurationPlatforms) = preSolution
		Debug|Any CPU = Debug|Any CPU
		Release|Any CPU = Release|Any CPU
	EndGlobalSection
	GlobalSection(ProjectConfigurationPlatforms) = postSolution
		{B17E115B-1128-4045-A69E-3253209D7D31}.Debug|Any CPU.ActiveCfg = Debug|Any CPU
		{B17E115B-1128-4045-A69E-3253209D7D31}.Debug|Any CPU.Build.0 = Debug|Any CPU
		{B17E115B-1128-4045-A69E-3253209D7D31}.Release|Any CPU.ActiveCfg = Release|Any CPU
		{B17E115B-1128-4045-A69E-3253209D7D31}.Release|Any CPU.Build.0 = Release|Any CPU
	EndGlobalSection
	GlobalSection(SolutionProperties) = preSolution
		HideSolutionNode = FALSE
	EndGlobalSection
	GlobalSection(ExtensibilityGlobals) = postSolution
		SolutionGuid = {ACBC8E91-AB8C-497A-B243-0ACFF7F9FEC9}
	EndGlobalSection
EndGlobal
