
Microsoft Visual Studio Solution File, Format Version 12.00
# Visual Studio Version 17
VisualStudioVersion = 17.1.32328.378
MinimumVisualStudioVersion = 10.0.40219.1
Project("{FAE04EC0-301F-11D3-BF4B-00C04F79EFBC}") = "Coding Exercise 9 Lists", "Coding Exercise 9 Lists.csproj", "{F534B383-5CC2-49B2-9277-50AB9A98F868}"
EndProject
Global
	GlobalSection(SolutionConfigurationPlatforms) = preSolution
		Debug|Any CPU = Debug|Any CPU
		Release|Any CPU = Release|Any CPU
	EndGlobalSection
	GlobalSection(ProjectConfigurationPlatforms) = postSolution
		{F534B383-5CC2-49B2-9277-50AB9A98F868}.Debug|Any CPU.ActiveCfg = Debug|Any CPU
		{F534B383-5CC2-49B2-9277-50AB9A98F868}.Debug|Any CPU.Build.0 = Debug|Any CPU
		{F534B383-5CC2-49B2-9277-50AB9A98F868}.Release|Any CPU.ActiveCfg = Release|Any CPU
		{F534B383-5CC2-49B2-9277-50AB9A98F868}.Release|Any CPU.Build.0 = Release|Any CPU
	EndGlobalSection
	GlobalSection(SolutionProperties) = preSolution
		HideSolutionNode = FALSE
	EndGlobalSection
	GlobalSection(ExtensibilityGlobals) = postSolution
		SolutionGuid = {29B4969F-5CC2-463B-BD5D-93C8C52B900A}
	EndGlobalSection
EndGlobal
