
Microsoft Visual Studio Solution File, Format Version 12.00
# Visual Studio Version 17
VisualStudioVersion = 17.3.32922.545
MinimumVisualStudioVersion = 10.0.40219.1
Project("{FAE04EC0-301F-11D3-BF4B-00C04F79EFBC}") = "129. Sealed Key Word", "129. Sealed Key Word.csproj", "{58FE483A-7ABE-4C33-9BC2-7CE947E736B9}"
EndProject
Global
	GlobalSection(SolutionConfigurationPlatforms) = preSolution
		Debug|Any CPU = Debug|Any CPU
		Release|Any CPU = Release|Any CPU
	EndGlobalSection
	GlobalSection(ProjectConfigurationPlatforms) = postSolution
		{58FE483A-7ABE-4C33-9BC2-7CE947E736B9}.Debug|Any CPU.ActiveCfg = Debug|Any CPU
		{58FE483A-7ABE-4C33-9BC2-7CE947E736B9}.Debug|Any CPU.Build.0 = Debug|Any CPU
		{58FE483A-7ABE-4C33-9BC2-7CE947E736B9}.Release|Any CPU.ActiveCfg = Release|Any CPU
		{58FE483A-7ABE-4C33-9BC2-7CE947E736B9}.Release|Any CPU.Build.0 = Release|Any CPU
	EndGlobalSection
	GlobalSection(SolutionProperties) = preSolution
		HideSolutionNode = FALSE
	EndGlobalSection
	GlobalSection(ExtensibilityGlobals) = postSolution
		SolutionGuid = {FAC06947-8F38-40B4-89C3-1662AE2D428F}
	EndGlobalSection
EndGlobal
