
Microsoft Visual Studio Solution File, Format Version 12.00
# Visual Studio Version 17
VisualStudioVersion = 17.1.32328.378
MinimumVisualStudioVersion = 10.0.40219.1
Project("{FAE04EC0-301F-11D3-BF4B-00C04F79EFBC}") = "85. Foreach Loops and Switch Statement challenge", "85. Foreach Loops and Switch Statement challenge.csproj", "{4EA741B0-CA03-4F88-BEF2-64AD6CA66D99}"
EndProject
Global
	GlobalSection(SolutionConfigurationPlatforms) = preSolution
		Debug|Any CPU = Debug|Any CPU
		Release|Any CPU = Release|Any CPU
	EndGlobalSection
	GlobalSection(ProjectConfigurationPlatforms) = postSolution
		{4EA741B0-CA03-4F88-BEF2-64AD6CA66D99}.Debug|Any CPU.ActiveCfg = Debug|Any CPU
		{4EA741B0-CA03-4F88-BEF2-64AD6CA66D99}.Debug|Any CPU.Build.0 = Debug|Any CPU
		{4EA741B0-CA03-4F88-BEF2-64AD6CA66D99}.Release|Any CPU.ActiveCfg = Release|Any CPU
		{4EA741B0-CA03-4F88-BEF2-64AD6CA66D99}.Release|Any CPU.Build.0 = Release|Any CPU
	EndGlobalSection
	GlobalSection(SolutionProperties) = preSolution
		HideSolutionNode = FALSE
	EndGlobalSection
	GlobalSection(ExtensibilityGlobals) = postSolution
		SolutionGuid = {44400B2D-26A9-4144-B7D3-B10AAA413306}
	EndGlobalSection
EndGlobal
