
Microsoft Visual Studio Solution File, Format Version 12.00
# Visual Studio Version 17
VisualStudioVersion = 17.1.32328.378
MinimumVisualStudioVersion = 10.0.40219.1
Project("{FAE04EC0-301F-11D3-BF4B-00C04F79EFBC}") = "105. Stacks in Csharp", "105. Stacks in Csharp.csproj", "{B2676798-0EE5-4F91-B2CF-AF60143F3E95}"
EndProject
Global
	GlobalSection(SolutionConfigurationPlatforms) = preSolution
		Debug|Any CPU = Debug|Any CPU
		Release|Any CPU = Release|Any CPU
	EndGlobalSection
	GlobalSection(ProjectConfigurationPlatforms) = postSolution
		{B2676798-0EE5-4F91-B2CF-AF60143F3E95}.Debug|Any CPU.ActiveCfg = Debug|Any CPU
		{B2676798-0EE5-4F91-B2CF-AF60143F3E95}.Debug|Any CPU.Build.0 = Debug|Any CPU
		{B2676798-0EE5-4F91-B2CF-AF60143F3E95}.Release|Any CPU.ActiveCfg = Release|Any CPU
		{B2676798-0EE5-4F91-B2CF-AF60143F3E95}.Release|Any CPU.Build.0 = Release|Any CPU
	EndGlobalSection
	GlobalSection(SolutionProperties) = preSolution
		HideSolutionNode = FALSE
	EndGlobalSection
	GlobalSection(ExtensibilityGlobals) = postSolution
		SolutionGuid = {4C8FFE14-C9C8-4EC4-80FA-FBFFE92ADEA8}
	EndGlobalSection
EndGlobal
