
Microsoft Visual Studio Solution File, Format Version 12.00
# Visual Studio Version 17
VisualStudioVersion = 17.1.32328.378
MinimumVisualStudioVersion = 10.0.40219.1
Project("{FAE04EC0-301F-11D3-BF4B-00C04F79EFBC}") = "90. Challenge - Tic Tac Toe", "90. Challenge - Tic Tac Toe.csproj", "{9B7BE493-FAA5-4AE9-A061-2BECCD854AB0}"
EndProject
Global
	GlobalSection(SolutionConfigurationPlatforms) = preSolution
		Debug|Any CPU = Debug|Any CPU
		Release|Any CPU = Release|Any CPU
	EndGlobalSection
	GlobalSection(ProjectConfigurationPlatforms) = postSolution
		{9B7BE493-FAA5-4AE9-A061-2BECCD854AB0}.Debug|Any CPU.ActiveCfg = Debug|Any CPU
		{9B7BE493-FAA5-4AE9-A061-2BECCD854AB0}.Debug|Any CPU.Build.0 = Debug|Any CPU
		{9B7BE493-FAA5-4AE9-A061-2BECCD854AB0}.Release|Any CPU.ActiveCfg = Release|Any CPU
		{9B7BE493-FAA5-4AE9-A061-2BECCD854AB0}.Release|Any CPU.Build.0 = Release|Any CPU
	EndGlobalSection
	GlobalSection(SolutionProperties) = preSolution
		HideSolutionNode = FALSE
	EndGlobalSection
	GlobalSection(ExtensibilityGlobals) = postSolution
		SolutionGuid = {BF0A44F1-4F07-43B1-AF9E-5BE95E56A007}
	EndGlobalSection
EndGlobal
