
Microsoft Visual Studio Solution File, Format Version 12.00
# Visual Studio Version 17
VisualStudioVersion = 17.1.32328.378
MinimumVisualStudioVersion = 10.0.40219.1
Project("{FAE04EC0-301F-11D3-BF4B-00C04F79EFBC}") = "109. Debugging Basics", "109. Debugging Basics.csproj", "{A84D4211-9AC7-4C2C-B6BF-B51416CEE54C}"
EndProject
Global
	GlobalSection(SolutionConfigurationPlatforms) = preSolution
		Debug|Any CPU = Debug|Any CPU
		Release|Any CPU = Release|Any CPU
	EndGlobalSection
	GlobalSection(ProjectConfigurationPlatforms) = postSolution
		{A84D4211-9AC7-4C2C-B6BF-B51416CEE54C}.Debug|Any CPU.ActiveCfg = Debug|Any CPU
		{A84D4211-9AC7-4C2C-B6BF-B51416CEE54C}.Debug|Any CPU.Build.0 = Debug|Any CPU
		{A84D4211-9AC7-4C2C-B6BF-B51416CEE54C}.Release|Any CPU.ActiveCfg = Release|Any CPU
		{A84D4211-9AC7-4C2C-B6BF-B51416CEE54C}.Release|Any CPU.Build.0 = Release|Any CPU
	EndGlobalSection
	GlobalSection(SolutionProperties) = preSolution
		HideSolutionNode = FALSE
	EndGlobalSection
	GlobalSection(ExtensibilityGlobals) = postSolution
		SolutionGuid = {A39A4C42-C2A7-4EF3-B777-60EE1678D099}
	EndGlobalSection
EndGlobal
