
Microsoft Visual Studio Solution File, Format Version 12.00
# Visual Studio Version 17
VisualStudioVersion = 17.3.32819.101
MinimumVisualStudioVersion = 10.0.40219.1
Project("{FAE04EC0-301F-11D3-BF4B-00C04F79EFBC}") = "117. Inheritance Demo", "117. Inheritance Demo.csproj", "{B1047D8A-232B-4ACF-AF8C-05B68B6CFCA1}"
EndProject
Global
	GlobalSection(SolutionConfigurationPlatforms) = preSolution
		Debug|Any CPU = Debug|Any CPU
		Release|Any CPU = Release|Any CPU
	EndGlobalSection
	GlobalSection(ProjectConfigurationPlatforms) = postSolution
		{B1047D8A-232B-4ACF-AF8C-05B68B6CFCA1}.Debug|Any CPU.ActiveCfg = Debug|Any CPU
		{B1047D8A-232B-4ACF-AF8C-05B68B6CFCA1}.Debug|Any CPU.Build.0 = Debug|Any CPU
		{B1047D8A-232B-4ACF-AF8C-05B68B6CFCA1}.Release|Any CPU.ActiveCfg = Release|Any CPU
		{B1047D8A-232B-4ACF-AF8C-05B68B6CFCA1}.Release|Any CPU.Build.0 = Release|Any CPU
	EndGlobalSection
	GlobalSection(SolutionProperties) = preSolution
		HideSolutionNode = FALSE
	EndGlobalSection
	GlobalSection(ExtensibilityGlobals) = postSolution
		SolutionGuid = {CF277009-5C74-45F6-A6C4-7F9692F40E4E}
	EndGlobalSection
EndGlobal
