
Microsoft Visual Studio Solution File, Format Version 12.00
# Visual Studio Version 17
VisualStudioVersion = 17.4.33205.214
MinimumVisualStudioVersion = 10.0.40219.1
Project("{FAE04EC0-301F-11D3-BF4B-00C04F79EFBC}") = "152. Main Args Explained Using User Input - Create A CMD App", "152. Main Args Explained Using User Input - Create A CMD App.csproj", "{0777A8A3-03FF-489E-9907-1D846D6F2884}"
EndProject
Global
	GlobalSection(SolutionConfigurationPlatforms) = preSolution
		Debug|Any CPU = Debug|Any CPU
		Release|Any CPU = Release|Any CPU
	EndGlobalSection
	GlobalSection(ProjectConfigurationPlatforms) = postSolution
		{0777A8A3-03FF-489E-9907-1D846D6F2884}.Debug|Any CPU.ActiveCfg = Debug|Any CPU
		{0777A8A3-03FF-489E-9907-1D846D6F2884}.Debug|Any CPU.Build.0 = Debug|Any CPU
		{0777A8A3-03FF-489E-9907-1D846D6F2884}.Release|Any CPU.ActiveCfg = Release|Any CPU
		{0777A8A3-03FF-489E-9907-1D846D6F2884}.Release|Any CPU.Build.0 = Release|Any CPU
	EndGlobalSection
	GlobalSection(SolutionProperties) = preSolution
		HideSolutionNode = FALSE
	EndGlobalSection
	GlobalSection(ExtensibilityGlobals) = postSolution
		SolutionGuid = {14F0811F-0108-49A7-8BC7-37DAB3D18D04}
	EndGlobalSection
EndGlobal
