
Microsoft Visual Studio Solution File, Format Version 12.00
# Visual Studio Version 17
VisualStudioVersion = 17.1.32328.378
MinimumVisualStudioVersion = 10.0.40219.1
Project("{FAE04EC0-301F-11D3-BF4B-00C04F79EFBC}") = "Coding Exercise 5 break and continue practice", "Coding Exercise 5 break and continue practice.csproj", "{08DB0F02-A8D2-4A57-AD72-C835F446D285}"
EndProject
Global
	GlobalSection(SolutionConfigurationPlatforms) = preSolution
		Debug|Any CPU = Debug|Any CPU
		Release|Any CPU = Release|Any CPU
	EndGlobalSection
	GlobalSection(ProjectConfigurationPlatforms) = postSolution
		{08DB0F02-A8D2-4A57-AD72-C835F446D285}.Debug|Any CPU.ActiveCfg = Debug|Any CPU
		{08DB0F02-A8D2-4A57-AD72-C835F446D285}.Debug|Any CPU.Build.0 = Debug|Any CPU
		{08DB0F02-A8D2-4A57-AD72-C835F446D285}.Release|Any CPU.ActiveCfg = Release|Any CPU
		{08DB0F02-A8D2-4A57-AD72-C835F446D285}.Release|Any CPU.Build.0 = Release|Any CPU
	EndGlobalSection
	GlobalSection(SolutionProperties) = preSolution
		HideSolutionNode = FALSE
	EndGlobalSection
	GlobalSection(ExtensibilityGlobals) = postSolution
		SolutionGuid = {00974E08-96FC-46EF-86AA-1C1855FC0D70}
	EndGlobalSection
EndGlobal
