
Microsoft Visual Studio Solution File, Format Version 12.00
# Visual Studio Version 17
VisualStudioVersion = 17.1.32328.378
MinimumVisualStudioVersion = 10.0.40219.1
Project("{FAE04EC0-301F-11D3-BF4B-00C04F79EFBC}") = "45. Operators", "45. Operators.csproj", "{52856809-FF4F-4C94-89D0-B9F69CB5F591}"
EndProject
Global
	GlobalSection(SolutionConfigurationPlatforms) = preSolution
		Debug|Any CPU = Debug|Any CPU
		Release|Any CPU = Release|Any CPU
	EndGlobalSection
	GlobalSection(ProjectConfigurationPlatforms) = postSolution
		{52856809-FF4F-4C94-89D0-B9F69CB5F591}.Debug|Any CPU.ActiveCfg = Debug|Any CPU
		{52856809-FF4F-4C94-89D0-B9F69CB5F591}.Debug|Any CPU.Build.0 = Debug|Any CPU
		{52856809-FF4F-4C94-89D0-B9F69CB5F591}.Release|Any CPU.ActiveCfg = Release|Any CPU
		{52856809-FF4F-4C94-89D0-B9F69CB5F591}.Release|Any CPU.Build.0 = Release|Any CPU
	EndGlobalSection
	GlobalSection(SolutionProperties) = preSolution
		HideSolutionNode = FALSE
	EndGlobalSection
	GlobalSection(ExtensibilityGlobals) = postSolution
		SolutionGuid = {153D6FDC-5BD1-46D6-B515-63693442E22F}
	EndGlobalSection
EndGlobal
