
Microsoft Visual Studio Solution File, Format Version 12.00
# Visual Studio Version 17
VisualStudioVersion = 17.1.32328.378
MinimumVisualStudioVersion = 10.0.40219.1
Project("{FAE04EC0-301F-11D3-BF4B-00C04F79EFBC}") = "92. Challenge - Jagged Arrays", "92. Challenge - Jagged Arrays.csproj", "{A27AF82A-5507-4C19-A6E1-D1C055B88FC8}"
EndProject
Global
	GlobalSection(SolutionConfigurationPlatforms) = preSolution
		Debug|Any CPU = Debug|Any CPU
		Release|Any CPU = Release|Any CPU
	EndGlobalSection
	GlobalSection(ProjectConfigurationPlatforms) = postSolution
		{A27AF82A-5507-4C19-A6E1-D1C055B88FC8}.Debug|Any CPU.ActiveCfg = Debug|Any CPU
		{A27AF82A-5507-4C19-A6E1-D1C055B88FC8}.Debug|Any CPU.Build.0 = Debug|Any CPU
		{A27AF82A-5507-4C19-A6E1-D1C055B88FC8}.Release|Any CPU.ActiveCfg = Release|Any CPU
		{A27AF82A-5507-4C19-A6E1-D1C055B88FC8}.Release|Any CPU.Build.0 = Release|Any CPU
	EndGlobalSection
	GlobalSection(SolutionProperties) = preSolution
		HideSolutionNode = FALSE
	EndGlobalSection
	GlobalSection(ExtensibilityGlobals) = postSolution
		SolutionGuid = {5887E668-C1BE-4FA3-8677-0C8B4935E1E7}
	EndGlobalSection
EndGlobal
