
Microsoft Visual Studio Solution File, Format Version 12.00
# Visual Studio Version 17
VisualStudioVersion = 17.1.32328.378
MinimumVisualStudioVersion = 10.0.40219.1
Project("{FAE04EC0-301F-11D3-BF4B-00C04F79EFBC}") = "98. ArrayLists", "98. ArrayLists.csproj", "{9E45B6B5-B879-4D2E-B639-D0FC3E4883E2}"
EndProject
Global
	GlobalSection(SolutionConfigurationPlatforms) = preSolution
		Debug|Any CPU = Debug|Any CPU
		Release|Any CPU = Release|Any CPU
	EndGlobalSection
	GlobalSection(ProjectConfigurationPlatforms) = postSolution
		{9E45B6B5-B879-4D2E-B639-D0FC3E4883E2}.Debug|Any CPU.ActiveCfg = Debug|Any CPU
		{9E45B6B5-B879-4D2E-B639-D0FC3E4883E2}.Debug|Any CPU.Build.0 = Debug|Any CPU
		{9E45B6B5-B879-4D2E-B639-D0FC3E4883E2}.Release|Any CPU.ActiveCfg = Release|Any CPU
		{9E45B6B5-B879-4D2E-B639-D0FC3E4883E2}.Release|Any CPU.Build.0 = Release|Any CPU
	EndGlobalSection
	GlobalSection(SolutionProperties) = preSolution
		HideSolutionNode = FALSE
	EndGlobalSection
	GlobalSection(ExtensibilityGlobals) = postSolution
		SolutionGuid = {C9AD0D85-FD1D-4060-8DDE-39DB62FFEADB}
	EndGlobalSection
EndGlobal
