
Microsoft Visual Studio Solution File, Format Version 12.00
# Visual Studio Version 17
VisualStudioVersion = 17.4.33205.214
MinimumVisualStudioVersion = 10.0.40219.1
Project("{FAE04EC0-301F-11D3-BF4B-00C04F79EFBC}") = "160. A hint for the next exercise (Lambda as variable)", "160. A hint for the next exercise (Lambda as variable).csproj", "{382C1E6F-9EEE-45F9-AA22-13F22082D65D}"
EndProject
Global
	GlobalSection(SolutionConfigurationPlatforms) = preSolution
		Debug|Any CPU = Debug|Any CPU
		Release|Any CPU = Release|Any CPU
	EndGlobalSection
	GlobalSection(ProjectConfigurationPlatforms) = postSolution
		{382C1E6F-9EEE-45F9-AA22-13F22082D65D}.Debug|Any CPU.ActiveCfg = Debug|Any CPU
		{382C1E6F-9EEE-45F9-AA22-13F22082D65D}.Debug|Any CPU.Build.0 = Debug|Any CPU
		{382C1E6F-9EEE-45F9-AA22-13F22082D65D}.Release|Any CPU.ActiveCfg = Release|Any CPU
		{382C1E6F-9EEE-45F9-AA22-13F22082D65D}.Release|Any CPU.Build.0 = Release|Any CPU
	EndGlobalSection
	GlobalSection(SolutionProperties) = preSolution
		HideSolutionNode = FALSE
	EndGlobalSection
	GlobalSection(ExtensibilityGlobals) = postSolution
		SolutionGuid = {BF0B36AD-8FA0-4A4B-89B0-B3F119108F5C}
	EndGlobalSection
EndGlobal
