
Microsoft Visual Studio Solution File, Format Version 12.00
# Visual Studio Version 17
VisualStudioVersion = 17.1.32328.378
MinimumVisualStudioVersion = 10.0.40219.1
Project("{FAE04EC0-301F-11D3-BF4B-00C04F79EFBC}") = "66. break and continue", "66. break and continue.csproj", "{C5A68217-AF2D-427A-B5A6-03081B6DA718}"
EndProject
Global
	GlobalSection(SolutionConfigurationPlatforms) = preSolution
		Debug|Any CPU = Debug|Any CPU
		Release|Any CPU = Release|Any CPU
	EndGlobalSection
	GlobalSection(ProjectConfigurationPlatforms) = postSolution
		{C5A68217-AF2D-427A-B5A6-03081B6DA718}.Debug|Any CPU.ActiveCfg = Debug|Any CPU
		{C5A68217-AF2D-427A-B5A6-03081B6DA718}.Debug|Any CPU.Build.0 = Debug|Any CPU
		{C5A68217-AF2D-427A-B5A6-03081B6DA718}.Release|Any CPU.ActiveCfg = Release|Any CPU
		{C5A68217-AF2D-427A-B5A6-03081B6DA718}.Release|Any CPU.Build.0 = Release|Any CPU
	EndGlobalSection
	GlobalSection(SolutionProperties) = preSolution
		HideSolutionNode = FALSE
	EndGlobalSection
	GlobalSection(ExtensibilityGlobals) = postSolution
		SolutionGuid = {D1A24707-388F-4DF5-91C7-6A5845A6765B}
	EndGlobalSection
EndGlobal
