
Microsoft Visual Studio Solution File, Format Version 12.00
# Visual Studio Version 17
VisualStudioVersion = 17.3.32819.101
MinimumVisualStudioVersion = 10.0.40219.1
Project("{FAE04EC0-301F-11D3-BF4B-00C04F79EFBC}") = "118. Inheritance Challenge - Videopost and Timer with Callback", "118. Inheritance Challenge - Videopost and Timer with Callback.csproj", "{111316F2-AE9B-4785-9BF9-FBE4A6EC9A0A}"
EndProject
Global
	GlobalSection(SolutionConfigurationPlatforms) = preSolution
		Debug|Any CPU = Debug|Any CPU
		Release|Any CPU = Release|Any CPU
	EndGlobalSection
	GlobalSection(ProjectConfigurationPlatforms) = postSolution
		{111316F2-AE9B-4785-9BF9-FBE4A6EC9A0A}.Debug|Any CPU.ActiveCfg = Debug|Any CPU
		{111316F2-AE9B-4785-9BF9-FBE4A6EC9A0A}.Debug|Any CPU.Build.0 = Debug|Any CPU
		{111316F2-AE9B-4785-9BF9-FBE4A6EC9A0A}.Release|Any CPU.ActiveCfg = Release|Any CPU
		{111316F2-AE9B-4785-9BF9-FBE4A6EC9A0A}.Release|Any CPU.Build.0 = Release|Any CPU
	EndGlobalSection
	GlobalSection(SolutionProperties) = preSolution
		HideSolutionNode = FALSE
	EndGlobalSection
	GlobalSection(ExtensibilityGlobals) = postSolution
		SolutionGuid = {44E5F419-4F09-4C41-B2B1-36CD3DC38446}
	EndGlobalSection
EndGlobal
